<?xml version="1.0" encoding="utf-8"?>
<Project ToolsVersion="17.0" xmlns="http://schemas.microsoft.com/developer/msbuild/2003">
  <ItemGroup>
    <ClCompile Include="C:\Users\nguye\OneDrive\Desktop\SE3540\se3540_fall2024_a04_g09\main.cpp">
      <Filter>Source Files</Filter>
    </ClCompile>
  </ItemGroup>
  <ItemGroup>
    <CustomBuild Include="C:\Users\nguye\OneDrive\Desktop\SE3540\se3540_fall2024_a04_g09\CMakeLists.txt" />
  </ItemGroup>
  <ItemGroup>
    <Filter Include="Source Files">
      <UniqueIdentifier>{EC307059-92B9-3F4C-A103-90F11BF62821}</UniqueIdentifier>
    </Filter>
  </ItemGroup>
</Project>
